# This file is automatically @generated by Cargo.
# It is not intended for manual editing.
version = 4

[[package]]
name = "s_1342_Number_of_Steps_to_Reduce_a_Number_to_Zero"
version = "0.1.0"

[[package]]
name = "s_1480_Running_Sum_of_1d_Array"
version = "0.1.0"

[[package]]
name = "s_1672_Richest_Customer_Wealth"
version = "0.1.0"

[[package]]
name = "s_2236_Root_Equals_Sum_of_Children"
version = "0.1.0"

[[package]]
name = "s_238_Product_of_Array_Except_Self"
version = "0.1.0"

[[package]]
name = "s_383_Ransom_Note"
version = "0.1.0"

[[package]]
name = "s_412_Fizz_Buzz"
version = "0.1.0"

[[package]]
name = "s_876_Middle_of_The_Linked_List"
version = "0.1.0"
